// !$*UTF8*$!
{
	archiveVersion = 1;
	classes = {
	};
	objectVersion = 55;
	objects = {

/* Begin PBXBuildFile section */
		552BFCB42906E01F00F65E3A /* TestViewController.swift in Sources */ = {isa = PBXBuildFile; fileRef = 552BFCB32906E01F00F65E3A /* TestViewController.swift */; };
		559B390D293B4C3F0010E95A /* DataPassingController.swift in Sources */ = {isa = PBXBuildFile; fileRef = 559B390C293B4C3F0010E95A /* DataPassingController.swift */; };
		55F1EE7728FEC3E5006404E3 /* AppDelegate.swift in Sources */ = {isa = PBXBuildFile; fileRef = 55F1EE7628FEC3E5006404E3 /* AppDelegate.swift */; };
		55F1EE7928FEC3E5006404E3 /* SceneDelegate.swift in Sources */ = {isa = PBXBuildFile; fileRef = 55F1EE7828FEC3E5006404E3 /* SceneDelegate.swift */; };
		55F1EE7B28FEC3E5006404E3 /* ViewController.swift in Sources */ = {isa = PBXBuildFile; fileRef = 55F1EE7A28FEC3E5006404E3 /* ViewController.swift */; };
		55F1EE7E28FEC3E5006404E3 /* Main.storyboard in Resources */ = {isa = PBXBuildFile; fileRef = 55F1EE7C28FEC3E5006404E3 /* Main.storyboard */; };
		55F1EE8028FEC3E6006404E3 /* Assets.xcassets in Resources */ = {isa = PBXBuildFile; fileRef = 55F1EE7F28FEC3E6006404E3 /* Assets.xcassets */; };
		55F1EE8328FEC3E6006404E3 /* LaunchScreen.storyboard in Resources */ = {isa = PBXBuildFile; fileRef = 55F1EE8128FEC3E6006404E3 /* LaunchScreen.storyboard */; };
		55F1EE8E28FEC3E6006404E3 /* UISegmentedControlTests.swift in Sources */ = {isa = PBXBuildFile; fileRef = 55F1EE8D28FEC3E6006404E3 /* UISegmentedControlTests.swift */; };
		55F1EE9828FEC3E6006404E3 /* UISegmentedControlUITests.swift in Sources */ = {isa = PBXBuildFile; fileRef = 55F1EE9728FEC3E6006404E3 /* UISegmentedControlUITests.swift */; };
		55F1EE9A28FEC3E6006404E3 /* UISegmentedControlUITestsLaunchTests.swift in Sources */ = {isa = PBXBuildFile; fileRef = 55F1EE9928FEC3E6006404E3 /* UISegmentedControlUITestsLaunchTests.swift */; };
		CE63DEA729B09FD400D4563D /* ScartScreen.json in Resources */ = {isa = PBXBuildFile; fileRef = CE63DEA629B09FD400D4563D /* ScartScreen.json */; };
		CE63DEDC29B7368B00D4563D /* DatePicker.swift in Sources */ = {isa = PBXBuildFile; fileRef = CE63DEAF29B7368B00D4563D /* DatePicker.swift */; };
		CE63DEDD29B7368B00D4563D /* DateModel.swift in Sources */ = {isa = PBXBuildFile; fileRef = CE63DEB029B7368B00D4563D /* DateModel.swift */; };
		CE63DEDE29B7368B00D4563D /* SplashStruct2.swift in Sources */ = {isa = PBXBuildFile; fileRef = CE63DEB129B7368B00D4563D /* SplashStruct2.swift */; };
		CE63DEDF29B7368B00D4563D /* SplashStruct.swift in Sources */ = {isa = PBXBuildFile; fileRef = CE63DEB229B7368B00D4563D /* SplashStruct.swift */; };
		CE63DEE029B7368B00D4563D /* SettingViewController.swift in Sources */ = {isa = PBXBuildFile; fileRef = CE63DEB429B7368B00D4563D /* SettingViewController.swift */; };
		CE63DEE129B7368B00D4563D /* CustomSegment.swift in Sources */ = {isa = PBXBuildFile; fileRef = CE63DEB629B7368B00D4563D /* CustomSegment.swift */; };
		CE63DEE229B7368B00D4563D /* ShopList.swift in Sources */ = {isa = PBXBuildFile; fileRef = CE63DEB729B7368B00D4563D /* ShopList.swift */; };
		CE63DEE329B7368B00D4563D /* PersonalViewController.swift in Sources */ = {isa = PBXBuildFile; fileRef = CE63DEB929B7368B00D4563D /* PersonalViewController.swift */; };
		CE63DEE429B7368B00D4563D /* PersonalUIViewSetting.swift in Sources */ = {isa = PBXBuildFile; fileRef = CE63DEBA29B7368B00D4563D /* PersonalUIViewSetting.swift */; };
		CE63DEE529B7368B00D4563D /* TabBarViewController.swift in Sources */ = {isa = PBXBuildFile; fileRef = CE63DEBB29B7368B00D4563D /* TabBarViewController.swift */; };
		CE63DEE629B7368B00D4563D /* UIColorExention.swift in Sources */ = {isa = PBXBuildFile; fileRef = CE63DEBC29B7368B00D4563D /* UIColorExention.swift */; };
		CE63DEE729B7368B00D4563D /* Decoder.swift in Sources */ = {isa = PBXBuildFile; fileRef = CE63DEBF29B7368B00D4563D /* Decoder.swift */; };
		CE63DEE829B7368B00D4563D /* HomeViewController.swift in Sources */ = {isa = PBXBuildFile; fileRef = CE63DEC029B7368B00D4563D /* HomeViewController.swift */; };
		CE63DEE929B7368B00D4563D /* Selection.swift in Sources */ = {isa = PBXBuildFile; fileRef = CE63DEC229B7368B00D4563D /* Selection.swift */; };
		CE63DEEA29B7368B00D4563D /* App.swift in Sources */ = {isa = PBXBuildFile; fileRef = CE63DEC329B7368B00D4563D /* App.swift */; };
		CE63DEEC29B7368B00D4563D /* MediumCell.swift in Sources */ = {isa = PBXBuildFile; fileRef = CE63DEC629B7368B00D4563D /* MediumCell.swift */; };
		CE63DEED29B7368B00D4563D /* SelfConfigurationCells.swift in Sources */ = {isa = PBXBuildFile; fileRef = CE63DEC729B7368B00D4563D /* SelfConfigurationCells.swift */; };
		CE63DEEF29B7368B00D4563D /* FeaturedCell.swift in Sources */ = {isa = PBXBuildFile; fileRef = CE63DEC929B7368B00D4563D /* FeaturedCell.swift */; };
		CE63DEF029B7368B00D4563D /* SelectionHeader.swift in Sources */ = {isa = PBXBuildFile; fileRef = CE63DECB29B7368B00D4563D /* SelectionHeader.swift */; };
		CE63DEF129B7368B00D4563D /* LogInViewController.swift in Sources */ = {isa = PBXBuildFile; fileRef = CE63DECC29B7368B00D4563D /* LogInViewController.swift */; };
		CE63DEF229B7368B00D4563D /* ImageServer.swift in Sources */ = {isa = PBXBuildFile; fileRef = CE63DECE29B7368B00D4563D /* ImageServer.swift */; };
		CE63DEF329B7368B00D4563D /* UIViewEx.swift in Sources */ = {isa = PBXBuildFile; fileRef = CE63DECF29B7368B00D4563D /* UIViewEx.swift */; };
		CE63DEF429B7368B00D4563D /* ImageInterface.swift in Sources */ = {isa = PBXBuildFile; fileRef = CE63DED029B7368B00D4563D /* ImageInterface.swift */; };
		CE63DEF529B7368B00D4563D /* InterfaceTestViewController.swift in Sources */ = {isa = PBXBuildFile; fileRef = CE63DED129B7368B00D4563D /* InterfaceTestViewController.swift */; };
		CE63DEF629B7368B00D4563D /* InterfaceCells.swift in Sources */ = {isa = PBXBuildFile; fileRef = CE63DED229B7368B00D4563D /* InterfaceCells.swift */; };
		CE63DEF729B7368B00D4563D /* Image.swift in Sources */ = {isa = PBXBuildFile; fileRef = CE63DED329B7368B00D4563D /* Image.swift */; };
		CE63DEF829B7368B00D4563D /* InterfaceTest.swift in Sources */ = {isa = PBXBuildFile; fileRef = CE63DED429B7368B00D4563D /* InterfaceTest.swift */; };
		CE63DEF929B7368B00D4563D /* InterFaceViewController.swift in Sources */ = {isa = PBXBuildFile; fileRef = CE63DED529B7368B00D4563D /* InterFaceViewController.swift */; };
		CE63DEFA29B7368B00D4563D /* Splash_Image.swift in Sources */ = {isa = PBXBuildFile; fileRef = CE63DED729B7368B00D4563D /* Splash_Image.swift */; };
		CE63DEFB29B7368B00D4563D /* Splash_Randon_Picker.swift in Sources */ = {isa = PBXBuildFile; fileRef = CE63DED829B7368B00D4563D /* Splash_Randon_Picker.swift */; };
		CE63DEFC29B7368B00D4563D /* BlurEffect.swift in Sources */ = {isa = PBXBuildFile; fileRef = CE63DED929B7368B00D4563D /* BlurEffect.swift */; };
		CE63DEFD29B7368B00D4563D /* SplashAnimViewController.swift in Sources */ = {isa = PBXBuildFile; fileRef = CE63DEDA29B7368B00D4563D /* SplashAnimViewController.swift */; };
		CE63DEFE29B7368B00D4563D /* ShoesViewController.swift in Sources */ = {isa = PBXBuildFile; fileRef = CE63DEDB29B7368B00D4563D /* ShoesViewController.swift */; };
		CE63DF0429B738A200D4563D /* SmallCell copy.swift in Sources */ = {isa = PBXBuildFile; fileRef = CE63DF0329B738A200D4563D /* SmallCell copy.swift */; };
		CE63DF0829B74E9500D4563D /* tranger.swift in Sources */ = {isa = PBXBuildFile; fileRef = CE63DF0729B74E9500D4563D /* tranger.swift */; };
/* End PBXBuildFile section */

/* Begin PBXContainerItemProxy section */
		55F1EE8A28FEC3E6006404E3 /* PBXContainerItemProxy */ = {
			isa = PBXContainerItemProxy;
			containerPortal = 55F1EE6B28FEC3E5006404E3 /* Project object */;
			proxyType = 1;
			remoteGlobalIDString = 55F1EE7228FEC3E5006404E3;
			remoteInfo = UISegmentedControl;
		};
		55F1EE9428FEC3E6006404E3 /* PBXContainerItemProxy */ = {
			isa = PBXContainerItemProxy;
			containerPortal = 55F1EE6B28FEC3E5006404E3 /* Project object */;
			proxyType = 1;
			remoteGlobalIDString = 55F1EE7228FEC3E5006404E3;
			remoteInfo = UISegmentedControl;
		};
/* End PBXContainerItemProxy section */

/* Begin PBXFileReference section */
		552BFCB32906E01F00F65E3A /* TestViewController.swift */ = {isa = PBXFileReference; lastKnownFileType = sourcecode.swift; path = TestViewController.swift; sourceTree = "<group>"; };
		559B390C293B4C3F0010E95A /* DataPassingController.swift */ = {isa = PBXFileReference; lastKnownFileType = sourcecode.swift; path = DataPassingController.swift; sourceTree = "<group>"; };
		55F1EE7328FEC3E5006404E3 /* UISegmentedControl.app */ = {isa = PBXFileReference; explicitFileType = wrapper.application; includeInIndex = 0; path = UISegmentedControl.app; sourceTree = BUILT_PRODUCTS_DIR; };
		55F1EE7628FEC3E5006404E3 /* AppDelegate.swift */ = {isa = PBXFileReference; lastKnownFileType = sourcecode.swift; path = AppDelegate.swift; sourceTree = "<group>"; };
		55F1EE7828FEC3E5006404E3 /* SceneDelegate.swift */ = {isa = PBXFileReference; lastKnownFileType = sourcecode.swift; path = SceneDelegate.swift; sourceTree = "<group>"; };
		55F1EE7A28FEC3E5006404E3 /* ViewController.swift */ = {isa = PBXFileReference; lastKnownFileType = sourcecode.swift; path = ViewController.swift; sourceTree = "<group>"; };
		55F1EE7D28FEC3E5006404E3 /* Base */ = {isa = PBXFileReference; lastKnownFileType = file.storyboard; name = Base; path = Base.lproj/Main.storyboard; sourceTree = "<group>"; };
		55F1EE7F28FEC3E6006404E3 /* Assets.xcassets */ = {isa = PBXFileReference; lastKnownFileType = folder.assetcatalog; path = Assets.xcassets; sourceTree = "<group>"; };
		55F1EE8228FEC3E6006404E3 /* Base */ = {isa = PBXFileReference; lastKnownFileType = file.storyboard; name = Base; path = Base.lproj/LaunchScreen.storyboard; sourceTree = "<group>"; };
		55F1EE8428FEC3E6006404E3 /* Info.plist */ = {isa = PBXFileReference; lastKnownFileType = text.plist.xml; path = Info.plist; sourceTree = "<group>"; };
		55F1EE8928FEC3E6006404E3 /* UISegmentedControlTests.xctest */ = {isa = PBXFileReference; explicitFileType = wrapper.cfbundle; includeInIndex = 0; path = UISegmentedControlTests.xctest; sourceTree = BUILT_PRODUCTS_DIR; };
		55F1EE8D28FEC3E6006404E3 /* UISegmentedControlTests.swift */ = {isa = PBXFileReference; lastKnownFileType = sourcecode.swift; path = UISegmentedControlTests.swift; sourceTree = "<group>"; };
		55F1EE9328FEC3E6006404E3 /* UISegmentedControlUITests.xctest */ = {isa = PBXFileReference; explicitFileType = wrapper.cfbundle; includeInIndex = 0; path = UISegmentedControlUITests.xctest; sourceTree = BUILT_PRODUCTS_DIR; };
		55F1EE9728FEC3E6006404E3 /* UISegmentedControlUITests.swift */ = {isa = PBXFileReference; lastKnownFileType = sourcecode.swift; path = UISegmentedControlUITests.swift; sourceTree = "<group>"; };
		55F1EE9928FEC3E6006404E3 /* UISegmentedControlUITestsLaunchTests.swift */ = {isa = PBXFileReference; lastKnownFileType = sourcecode.swift; path = UISegmentedControlUITestsLaunchTests.swift; sourceTree = "<group>"; };
		CE63DEA629B09FD400D4563D /* ScartScreen.json */ = {isa = PBXFileReference; lastKnownFileType = text.json; path = ScartScreen.json; sourceTree = "<group>"; };
		CE63DEAF29B7368B00D4563D /* DatePicker.swift */ = {isa = PBXFileReference; fileEncoding = 4; lastKnownFileType = sourcecode.swift; path = DatePicker.swift; sourceTree = "<group>"; };
		CE63DEB029B7368B00D4563D /* DateModel.swift */ = {isa = PBXFileReference; fileEncoding = 4; lastKnownFileType = sourcecode.swift; path = DateModel.swift; sourceTree = "<group>"; };
		CE63DEB129B7368B00D4563D /* SplashStruct2.swift */ = {isa = PBXFileReference; fileEncoding = 4; lastKnownFileType = sourcecode.swift; path = SplashStruct2.swift; sourceTree = "<group>"; };
		CE63DEB229B7368B00D4563D /* SplashStruct.swift */ = {isa = PBXFileReference; fileEncoding = 4; lastKnownFileType = sourcecode.swift; path = SplashStruct.swift; sourceTree = "<group>"; };
		CE63DEB429B7368B00D4563D /* SettingViewController.swift */ = {isa = PBXFileReference; fileEncoding = 4; lastKnownFileType = sourcecode.swift; path = SettingViewController.swift; sourceTree = "<group>"; };
		CE63DEB629B7368B00D4563D /* CustomSegment.swift */ = {isa = PBXFileReference; fileEncoding = 4; lastKnownFileType = sourcecode.swift; path = CustomSegment.swift; sourceTree = "<group>"; };
		CE63DEB729B7368B00D4563D /* ShopList.swift */ = {isa = PBXFileReference; fileEncoding = 4; lastKnownFileType = sourcecode.swift; path = ShopList.swift; sourceTree = "<group>"; };
		CE63DEB929B7368B00D4563D /* PersonalViewController.swift */ = {isa = PBXFileReference; fileEncoding = 4; lastKnownFileType = sourcecode.swift; path = PersonalViewController.swift; sourceTree = "<group>"; };
		CE63DEBA29B7368B00D4563D /* PersonalUIViewSetting.swift */ = {isa = PBXFileReference; fileEncoding = 4; lastKnownFileType = sourcecode.swift; path = PersonalUIViewSetting.swift; sourceTree = "<group>"; };
		CE63DEBB29B7368B00D4563D /* TabBarViewController.swift */ = {isa = PBXFileReference; fileEncoding = 4; lastKnownFileType = sourcecode.swift; path = TabBarViewController.swift; sourceTree = "<group>"; };
		CE63DEBC29B7368B00D4563D /* UIColorExention.swift */ = {isa = PBXFileReference; fileEncoding = 4; lastKnownFileType = sourcecode.swift; path = UIColorExention.swift; sourceTree = "<group>"; };
		CE63DEBF29B7368B00D4563D /* Decoder.swift */ = {isa = PBXFileReference; fileEncoding = 4; lastKnownFileType = sourcecode.swift; path = Decoder.swift; sourceTree = "<group>"; };
		CE63DEC029B7368B00D4563D /* HomeViewController.swift */ = {isa = PBXFileReference; fileEncoding = 4; lastKnownFileType = sourcecode.swift; path = HomeViewController.swift; sourceTree = "<group>"; };
		CE63DEC229B7368B00D4563D /* Selection.swift */ = {isa = PBXFileReference; fileEncoding = 4; lastKnownFileType = sourcecode.swift; path = Selection.swift; sourceTree = "<group>"; };
		CE63DEC329B7368B00D4563D /* App.swift */ = {isa = PBXFileReference; fileEncoding = 4; lastKnownFileType = sourcecode.swift; path = App.swift; sourceTree = "<group>"; };
		CE63DEC629B7368B00D4563D /* MediumCell.swift */ = {isa = PBXFileReference; fileEncoding = 4; lastKnownFileType = sourcecode.swift; path = MediumCell.swift; sourceTree = "<group>"; };
		CE63DEC729B7368B00D4563D /* SelfConfigurationCells.swift */ = {isa = PBXFileReference; fileEncoding = 4; lastKnownFileType = sourcecode.swift; path = SelfConfigurationCells.swift; sourceTree = "<group>"; };
		CE63DEC929B7368B00D4563D /* FeaturedCell.swift */ = {isa = PBXFileReference; fileEncoding = 4; lastKnownFileType = sourcecode.swift; path = FeaturedCell.swift; sourceTree = "<group>"; };
		CE63DECB29B7368B00D4563D /* SelectionHeader.swift */ = {isa = PBXFileReference; fileEncoding = 4; lastKnownFileType = sourcecode.swift; path = SelectionHeader.swift; sourceTree = "<group>"; };
		CE63DECC29B7368B00D4563D /* LogInViewController.swift */ = {isa = PBXFileReference; fileEncoding = 4; lastKnownFileType = sourcecode.swift; path = LogInViewController.swift; sourceTree = "<group>"; };
		CE63DECE29B7368B00D4563D /* ImageServer.swift */ = {isa = PBXFileReference; fileEncoding = 4; lastKnownFileType = sourcecode.swift; path = ImageServer.swift; sourceTree = "<group>"; };
		CE63DECF29B7368B00D4563D /* UIViewEx.swift */ = {isa = PBXFileReference; fileEncoding = 4; lastKnownFileType = sourcecode.swift; path = UIViewEx.swift; sourceTree = "<group>"; };
		CE63DED029B7368B00D4563D /* ImageInterface.swift */ = {isa = PBXFileReference; fileEncoding = 4; lastKnownFileType = sourcecode.swift; path = ImageInterface.swift; sourceTree = "<group>"; };
		CE63DED129B7368B00D4563D /* InterfaceTestViewController.swift */ = {isa = PBXFileReference; fileEncoding = 4; lastKnownFileType = sourcecode.swift; path = InterfaceTestViewController.swift; sourceTree = "<group>"; };
		CE63DED229B7368B00D4563D /* InterfaceCells.swift */ = {isa = PBXFileReference; fileEncoding = 4; lastKnownFileType = sourcecode.swift; path = InterfaceCells.swift; sourceTree = "<group>"; };
		CE63DED329B7368B00D4563D /* Image.swift */ = {isa = PBXFileReference; fileEncoding = 4; lastKnownFileType = sourcecode.swift; path = Image.swift; sourceTree = "<group>"; };
		CE63DED429B7368B00D4563D /* InterfaceTest.swift */ = {isa = PBXFileReference; fileEncoding = 4; lastKnownFileType = sourcecode.swift; path = InterfaceTest.swift; sourceTree = "<group>"; };
		CE63DED529B7368B00D4563D /* InterFaceViewController.swift */ = {isa = PBXFileReference; fileEncoding = 4; lastKnownFileType = sourcecode.swift; path = InterFaceViewController.swift; sourceTree = "<group>"; };
		CE63DED729B7368B00D4563D /* Splash_Image.swift */ = {isa = PBXFileReference; fileEncoding = 4; lastKnownFileType = sourcecode.swift; path = Splash_Image.swift; sourceTree = "<group>"; };
		CE63DED829B7368B00D4563D /* Splash_Randon_Picker.swift */ = {isa = PBXFileReference; fileEncoding = 4; lastKnownFileType = sourcecode.swift; path = Splash_Randon_Picker.swift; sourceTree = "<group>"; };
		CE63DED929B7368B00D4563D /* BlurEffect.swift */ = {isa = PBXFileReference; fileEncoding = 4; lastKnownFileType = sourcecode.swift; path = BlurEffect.swift; sourceTree = "<group>"; };
		CE63DEDA29B7368B00D4563D /* SplashAnimViewController.swift */ = {isa = PBXFileReference; fileEncoding = 4; lastKnownFileType = sourcecode.swift; path = SplashAnimViewController.swift; sourceTree = "<group>"; };
		CE63DEDB29B7368B00D4563D /* ShoesViewController.swift */ = {isa = PBXFileReference; fileEncoding = 4; lastKnownFileType = sourcecode.swift; path = ShoesViewController.swift; sourceTree = "<group>"; };
		CE63DF0329B738A200D4563D /* SmallCell copy.swift */ = {isa = PBXFileReference; fileEncoding = 4; lastKnownFileType = sourcecode.swift; path = "SmallCell copy.swift"; sourceTree = "<group>"; };
		CE63DF0729B74E9500D4563D /* tranger.swift */ = {isa = PBXFileReference; lastKnownFileType = sourcecode.swift; path = tranger.swift; sourceTree = "<group>"; };
/* End PBXFileReference section */

/* Begin PBXFrameworksBuildPhase section */
		55F1EE7028FEC3E5006404E3 /* Frameworks */ = {
			isa = PBXFrameworksBuildPhase;
			buildActionMask = 2147483647;
			files = (
			);
			runOnlyForDeploymentPostprocessing = 0;
		};
		55F1EE8628FEC3E6006404E3 /* Frameworks */ = {
			isa = PBXFrameworksBuildPhase;
			buildActionMask = 2147483647;
			files = (
			);
			runOnlyForDeploymentPostprocessing = 0;
		};
		55F1EE9028FEC3E6006404E3 /* Frameworks */ = {
			isa = PBXFrameworksBuildPhase;
			buildActionMask = 2147483647;
			files = (
			);
			runOnlyForDeploymentPostprocessing = 0;
		};
/* End PBXFrameworksBuildPhase section */

/* Begin PBXGroup section */
		559B390B293B4C070010E95A /* DataPassingProject */ = {
			isa = PBXGroup;
			children = (
				559B390C293B4C3F0010E95A /* DataPassingController.swift */,
			);
			path = DataPassingProject;
			sourceTree = "<group>";
		};
		55F1EE6A28FEC3E5006404E3 = {
			isa = PBXGroup;
			children = (
				55F1EE7528FEC3E5006404E3 /* UISegmentedControl */,
				55F1EE8C28FEC3E6006404E3 /* UISegmentedControlTests */,
				55F1EE9628FEC3E6006404E3 /* UISegmentedControlUITests */,
				55F1EE7428FEC3E5006404E3 /* Products */,
			);
			sourceTree = "<group>";
		};
		55F1EE7428FEC3E5006404E3 /* Products */ = {
			isa = PBXGroup;
			children = (
				55F1EE7328FEC3E5006404E3 /* UISegmentedControl.app */,
				55F1EE8928FEC3E6006404E3 /* UISegmentedControlTests.xctest */,
				55F1EE9328FEC3E6006404E3 /* UISegmentedControlUITests.xctest */,
			);
			name = Products;
			sourceTree = "<group>";
		};
		55F1EE7528FEC3E5006404E3 /* UISegmentedControl */ = {
			isa = PBXGroup;
			children = (
				55F1EE7628FEC3E5006404E3 /* AppDelegate.swift */,
				55F1EE7828FEC3E5006404E3 /* SceneDelegate.swift */,
				559B390B293B4C070010E95A /* DataPassingProject */,
				55F1EE7A28FEC3E5006404E3 /* ViewController.swift */,
				552BFCB32906E01F00F65E3A /* TestViewController.swift */,
				CE63DEAD29B7368B00D4563D /* shop.inc */,
				55F1EE7C28FEC3E5006404E3 /* Main.storyboard */,
				CE63DEA629B09FD400D4563D /* ScartScreen.json */,
				55F1EE7F28FEC3E6006404E3 /* Assets.xcassets */,
				55F1EE8128FEC3E6006404E3 /* LaunchScreen.storyboard */,
				55F1EE8428FEC3E6006404E3 /* Info.plist */,
			);
			path = UISegmentedControl;
			sourceTree = "<group>";
		};
		55F1EE8C28FEC3E6006404E3 /* UISegmentedControlTests */ = {
			isa = PBXGroup;
			children = (
				55F1EE8D28FEC3E6006404E3 /* UISegmentedControlTests.swift */,
			);
			path = UISegmentedControlTests;
			sourceTree = "<group>";
		};
		55F1EE9628FEC3E6006404E3 /* UISegmentedControlUITests */ = {
			isa = PBXGroup;
			children = (
				55F1EE9728FEC3E6006404E3 /* UISegmentedControlUITests.swift */,
				55F1EE9928FEC3E6006404E3 /* UISegmentedControlUITestsLaunchTests.swift */,
			);
			path = UISegmentedControlUITests;
			sourceTree = "<group>";
		};
		CE63DEAD29B7368B00D4563D /* shop.inc */ = {
			isa = PBXGroup;
			children = (
				CE63DEAE29B7368B00D4563D /* Date */,
				CE63DEB329B7368B00D4563D /* TabBar */,
				CE63DEBD29B7368B00D4563D /* UICollectionView */,
				CE63DECC29B7368B00D4563D /* LogInViewController.swift */,
				CE63DECD29B7368B00D4563D /* Inteface */,
				CE63DED629B7368B00D4563D /* Splash_View */,
				CE63DEDB29B7368B00D4563D /* ShoesViewController.swift */,
			);
			name = shop.inc;
			path = "../../../Desktop/UISegmentedControlf-project-NewBugFix_Busket/UISegmentedControl/shop.inc";
			sourceTree = "<group>";
		};
		CE63DEAE29B7368B00D4563D /* Date */ = {
			isa = PBXGroup;
			children = (
				CE63DEAF29B7368B00D4563D /* DatePicker.swift */,
				CE63DEB029B7368B00D4563D /* DateModel.swift */,
				CE63DEB129B7368B00D4563D /* SplashStruct2.swift */,
				CE63DEB229B7368B00D4563D /* SplashStruct.swift */,
			);
			path = Date;
			sourceTree = "<group>";
		};
		CE63DEB329B7368B00D4563D /* TabBar */ = {
			isa = PBXGroup;
			children = (
				CE63DEB429B7368B00D4563D /* SettingViewController.swift */,
				CE63DEB529B7368B00D4563D /* CustomSegments */,
				CE63DEB729B7368B00D4563D /* ShopList.swift */,
				CE63DEB829B7368B00D4563D /* Perosnal */,
				CE63DEBB29B7368B00D4563D /* TabBarViewController.swift */,
				CE63DEBC29B7368B00D4563D /* UIColorExention.swift */,
			);
			path = TabBar;
			sourceTree = "<group>";
		};
		CE63DEB529B7368B00D4563D /* CustomSegments */ = {
			isa = PBXGroup;
			children = (
				CE63DEB629B7368B00D4563D /* CustomSegment.swift */,
			);
			path = CustomSegments;
			sourceTree = "<group>";
		};
		CE63DEB829B7368B00D4563D /* Perosnal */ = {
			isa = PBXGroup;
			children = (
				CE63DEB929B7368B00D4563D /* PersonalViewController.swift */,
				CE63DEBA29B7368B00D4563D /* PersonalUIViewSetting.swift */,
			);
			path = Perosnal;
			sourceTree = "<group>";
		};
		CE63DEBD29B7368B00D4563D /* UICollectionView */ = {
			isa = PBXGroup;
			children = (
				CE63DEBE29B7368B00D4563D /* Decoder */,
				CE63DEC029B7368B00D4563D /* HomeViewController.swift */,
				CE63DEC129B7368B00D4563D /* Structs */,
				CE63DEC429B7368B00D4563D /* Cells Tune */,
				CE63DECA29B7368B00D4563D /* Header */,
			);
			path = UICollectionView;
			sourceTree = "<group>";
		};
		CE63DEBE29B7368B00D4563D /* Decoder */ = {
			isa = PBXGroup;
			children = (
				CE63DEBF29B7368B00D4563D /* Decoder.swift */,
			);
			path = Decoder;
			sourceTree = "<group>";
		};
		CE63DEC129B7368B00D4563D /* Structs */ = {
			isa = PBXGroup;
			children = (
				CE63DEC229B7368B00D4563D /* Selection.swift */,
				CE63DEC329B7368B00D4563D /* App.swift */,
			);
			path = Structs;
			sourceTree = "<group>";
		};
		CE63DEC429B7368B00D4563D /* Cells Tune */ = {
			isa = PBXGroup;
			children = (
				CE63DF0329B738A200D4563D /* SmallCell copy.swift */,
				CE63DEC629B7368B00D4563D /* MediumCell.swift */,
				CE63DEC929B7368B00D4563D /* FeaturedCell.swift */,
				CE63DEC729B7368B00D4563D /* SelfConfigurationCells.swift */,
				CE63DF0729B74E9500D4563D /* tranger.swift */,
			);
			path = "Cells Tune";
			sourceTree = "<group>";
		};
		CE63DECA29B7368B00D4563D /* Header */ = {
			isa = PBXGroup;
			children = (
				CE63DECB29B7368B00D4563D /* SelectionHeader.swift */,
			);
			path = Header;
			sourceTree = "<group>";
		};
		CE63DECD29B7368B00D4563D /* Inteface */ = {
			isa = PBXGroup;
			children = (
				CE63DECE29B7368B00D4563D /* ImageServer.swift */,
				CE63DECF29B7368B00D4563D /* UIViewEx.swift */,
				CE63DED029B7368B00D4563D /* ImageInterface.swift */,
				CE63DED129B7368B00D4563D /* InterfaceTestViewController.swift */,
				CE63DED229B7368B00D4563D /* InterfaceCells.swift */,
				CE63DED329B7368B00D4563D /* Image.swift */,
				CE63DED429B7368B00D4563D /* InterfaceTest.swift */,
				CE63DED529B7368B00D4563D /* InterFaceViewController.swift */,
			);
			path = Inteface;
			sourceTree = "<group>";
		};
		CE63DED629B7368B00D4563D /* Splash_View */ = {
			isa = PBXGroup;
			children = (
				CE63DED729B7368B00D4563D /* Splash_Image.swift */,
				CE63DED829B7368B00D4563D /* Splash_Randon_Picker.swift */,
				CE63DED929B7368B00D4563D /* BlurEffect.swift */,
				CE63DEDA29B7368B00D4563D /* SplashAnimViewController.swift */,
			);
			path = Splash_View;
			sourceTree = "<group>";
		};
/* End PBXGroup section */

/* Begin PBXNativeTarget section */
		55F1EE7228FEC3E5006404E3 /* UISegmentedControl */ = {
			isa = PBXNativeTarget;
			buildConfigurationList = 55F1EE9D28FEC3E6006404E3 /* Build configuration list for PBXNativeTarget "UISegmentedControl" */;
			buildPhases = (
				55F1EE6F28FEC3E5006404E3 /* Sources */,
				55F1EE7028FEC3E5006404E3 /* Frameworks */,
				55F1EE7128FEC3E5006404E3 /* Resources */,
			);
			buildRules = (
			);
			dependencies = (
			);
			name = UISegmentedControl;
			productName = UISegmentedControl;
			productReference = 55F1EE7328FEC3E5006404E3 /* UISegmentedControl.app */;
			productType = "com.apple.product-type.application";
		};
		55F1EE8828FEC3E6006404E3 /* UISegmentedControlTests */ = {
			isa = PBXNativeTarget;
			buildConfigurationList = 55F1EEA028FEC3E6006404E3 /* Build configuration list for PBXNativeTarget "UISegmentedControlTests" */;
			buildPhases = (
				55F1EE8528FEC3E6006404E3 /* Sources */,
				55F1EE8628FEC3E6006404E3 /* Frameworks */,
				55F1EE8728FEC3E6006404E3 /* Resources */,
			);
			buildRules = (
			);
			dependencies = (
				55F1EE8B28FEC3E6006404E3 /* PBXTargetDependency */,
			);
			name = UISegmentedControlTests;
			productName = UISegmentedControlTests;
			productReference = 55F1EE8928FEC3E6006404E3 /* UISegmentedControlTests.xctest */;
			productType = "com.apple.product-type.bundle.unit-test";
		};
		55F1EE9228FEC3E6006404E3 /* UISegmentedControlUITests */ = {
			isa = PBXNativeTarget;
			buildConfigurationList = 55F1EEA328FEC3E6006404E3 /* Build configuration list for PBXNativeTarget "UISegmentedControlUITests" */;
			buildPhases = (
				55F1EE8F28FEC3E6006404E3 /* Sources */,
				55F1EE9028FEC3E6006404E3 /* Frameworks */,
				55F1EE9128FEC3E6006404E3 /* Resources */,
			);
			buildRules = (
			);
			dependencies = (
				55F1EE9528FEC3E6006404E3 /* PBXTargetDependency */,
			);
			name = UISegmentedControlUITests;
			productName = UISegmentedControlUITests;
			productReference = 55F1EE9328FEC3E6006404E3 /* UISegmentedControlUITests.xctest */;
			productType = "com.apple.product-type.bundle.ui-testing";
		};
/* End PBXNativeTarget section */

/* Begin PBXProject section */
		55F1EE6B28FEC3E5006404E3 /* Project object */ = {
			isa = PBXProject;
			attributes = {
				BuildIndependentTargetsInParallel = 1;
				LastSwiftUpdateCheck = 1340;
				LastUpgradeCheck = 1340;
				TargetAttributes = {
					55F1EE7228FEC3E5006404E3 = {
						CreatedOnToolsVersion = 13.4.1;
					};
					55F1EE8828FEC3E6006404E3 = {
						CreatedOnToolsVersion = 13.4.1;
						TestTargetID = 55F1EE7228FEC3E5006404E3;
					};
					55F1EE9228FEC3E6006404E3 = {
						CreatedOnToolsVersion = 13.4.1;
						TestTargetID = 55F1EE7228FEC3E5006404E3;
					};
				};
			};
			buildConfigurationList = 55F1EE6E28FEC3E5006404E3 /* Build configuration list for PBXProject "UISegmentedControl" */;
			compatibilityVersion = "Xcode 13.0";
			developmentRegion = en;
			hasScannedForEncodings = 0;
			knownRegions = (
				en,
				Base,
			);
			mainGroup = 55F1EE6A28FEC3E5006404E3;
			productRefGroup = 55F1EE7428FEC3E5006404E3 /* Products */;
			projectDirPath = "";
			projectRoot = "";
			targets = (
				55F1EE7228FEC3E5006404E3 /* UISegmentedControl */,
				55F1EE8828FEC3E6006404E3 /* UISegmentedControlTests */,
				55F1EE9228FEC3E6006404E3 /* UISegmentedControlUITests */,
			);
		};
/* End PBXProject section */

/* Begin PBXResourcesBuildPhase section */
		55F1EE7128FEC3E5006404E3 /* Resources */ = {
			isa = PBXResourcesBuildPhase;
			buildActionMask = 2147483647;
			files = (
				55F1EE8328FEC3E6006404E3 /* LaunchScreen.storyboard in Resources */,
				CE63DEA729B09FD400D4563D /* ScartScreen.json in Resources */,
				55F1EE8028FEC3E6006404E3 /* Assets.xcassets in Resources */,
				55F1EE7E28FEC3E5006404E3 /* Main.storyboard in Resources */,
			);
			runOnlyForDeploymentPostprocessing = 0;
		};
		55F1EE8728FEC3E6006404E3 /* Resources */ = {
			isa = PBXResourcesBuildPhase;
			buildActionMask = 2147483647;
			files = (
			);
			runOnlyForDeploymentPostprocessing = 0;
		};
		55F1EE9128FEC3E6006404E3 /* Resources */ = {
			isa = PBXResourcesBuildPhase;
			buildActionMask = 2147483647;
			files = (
			);
			runOnlyForDeploymentPostprocessing = 0;
		};
/* End PBXResourcesBuildPhase section */

/* Begin PBXSourcesBuildPhase section */
		55F1EE6F28FEC3E5006404E3 /* Sources */ = {
			isa = PBXSourcesBuildPhase;
			buildActionMask = 2147483647;
			files = (
				CE63DEE729B7368B00D4563D /* Decoder.swift in Sources */,
				CE63DEDE29B7368B00D4563D /* SplashStruct2.swift in Sources */,
				55F1EE7B28FEC3E5006404E3 /* ViewController.swift in Sources */,
				CE63DEF929B7368B00D4563D /* InterFaceViewController.swift in Sources */,
				CE63DEDF29B7368B00D4563D /* SplashStruct.swift in Sources */,
				CE63DEEF29B7368B00D4563D /* FeaturedCell.swift in Sources */,
				CE63DEE229B7368B00D4563D /* ShopList.swift in Sources */,
				CE63DEF229B7368B00D4563D /* ImageServer.swift in Sources */,
				CE63DEF529B7368B00D4563D /* InterfaceTestViewController.swift in Sources */,
				CE63DEE829B7368B00D4563D /* HomeViewController.swift in Sources */,
				CE63DEFA29B7368B00D4563D /* Splash_Image.swift in Sources */,
				CE63DF0829B74E9500D4563D /* tranger.swift in Sources */,
				CE63DEF429B7368B00D4563D /* ImageInterface.swift in Sources */,
				CE63DEDD29B7368B00D4563D /* DateModel.swift in Sources */,
				CE63DEEC29B7368B00D4563D /* MediumCell.swift in Sources */,
				55F1EE7728FEC3E5006404E3 /* AppDelegate.swift in Sources */,
				CE63DEE029B7368B00D4563D /* SettingViewController.swift in Sources */,
				CE63DEF329B7368B00D4563D /* UIViewEx.swift in Sources */,
				CE63DEF029B7368B00D4563D /* SelectionHeader.swift in Sources */,
				CE63DF0429B738A200D4563D /* SmallCell copy.swift in Sources */,
				CE63DEE629B7368B00D4563D /* UIColorExention.swift in Sources */,
				CE63DEF629B7368B00D4563D /* InterfaceCells.swift in Sources */,
				CE63DEFD29B7368B00D4563D /* SplashAnimViewController.swift in Sources */,
				55F1EE7928FEC3E5006404E3 /* SceneDelegate.swift in Sources */,
				552BFCB42906E01F00F65E3A /* TestViewController.swift in Sources */,
				CE63DEE429B7368B00D4563D /* PersonalUIViewSetting.swift in Sources */,
				CE63DEED29B7368B00D4563D /* SelfConfigurationCells.swift in Sources */,
				CE63DEEA29B7368B00D4563D /* App.swift in Sources */,
				CE63DEF129B7368B00D4563D /* LogInViewController.swift in Sources */,
				CE63DEE329B7368B00D4563D /* PersonalViewController.swift in Sources */,
				CE63DEFB29B7368B00D4563D /* Splash_Randon_Picker.swift in Sources */,
				CE63DEE929B7368B00D4563D /* Selection.swift in Sources */,
				CE63DEE129B7368B00D4563D /* CustomSegment.swift in Sources */,
				559B390D293B4C3F0010E95A /* DataPassingController.swift in Sources */,
				CE63DEE529B7368B00D4563D /* TabBarViewController.swift in Sources */,
				CE63DEF829B7368B00D4563D /* InterfaceTest.swift in Sources */,
				CE63DEFC29B7368B00D4563D /* BlurEffect.swift in Sources */,
				CE63DEFE29B7368B00D4563D /* ShoesViewController.swift in Sources */,
				CE63DEF729B7368B00D4563D /* Image.swift in Sources */,
				CE63DEDC29B7368B00D4563D /* DatePicker.swift in Sources */,
			);
			runOnlyForDeploymentPostprocessing = 0;
		};
		55F1EE8528FEC3E6006404E3 /* Sources */ = {
			isa = PBXSourcesBuildPhase;
			buildActionMask = 2147483647;
			files = (
				55F1EE8E28FEC3E6006404E3 /* UISegmentedControlTests.swift in Sources */,
			);
			runOnlyForDeploymentPostprocessing = 0;
		};
		55F1EE8F28FEC3E6006404E3 /* Sources */ = {
			isa = PBXSourcesBuildPhase;
			buildActionMask = 2147483647;
			files = (
				55F1EE9828FEC3E6006404E3 /* UISegmentedControlUITests.swift in Sources */,
				55F1EE9A28FEC3E6006404E3 /* UISegmentedControlUITestsLaunchTests.swift in Sources */,
			);
			runOnlyForDeploymentPostprocessing = 0;
		};
/* End PBXSourcesBuildPhase section */

/* Begin PBXTargetDependency section */
		55F1EE8B28FEC3E6006404E3 /* PBXTargetDependency */ = {
			isa = PBXTargetDependency;
			target = 55F1EE7228FEC3E5006404E3 /* UISegmentedControl */;
			targetProxy = 55F1EE8A28FEC3E6006404E3 /* PBXContainerItemProxy */;
		};
		55F1EE9528FEC3E6006404E3 /* PBXTargetDependency */ = {
			isa = PBXTargetDependency;
			target = 55F1EE7228FEC3E5006404E3 /* UISegmentedControl */;
			targetProxy = 55F1EE9428FEC3E6006404E3 /* PBXContainerItemProxy */;
		};
/* End PBXTargetDependency section */

/* Begin PBXVariantGroup section */
		55F1EE7C28FEC3E5006404E3 /* Main.storyboard */ = {
			isa = PBXVariantGroup;
			children = (
				55F1EE7D28FEC3E5006404E3 /* Base */,
			);
			name = Main.storyboard;
			sourceTree = "<group>";
		};
		55F1EE8128FEC3E6006404E3 /* LaunchScreen.storyboard */ = {
			isa = PBXVariantGroup;
			children = (
				55F1EE8228FEC3E6006404E3 /* Base */,
			);
			name = LaunchScreen.storyboard;
			sourceTree = "<group>";
		};
/* End PBXVariantGroup section */

/* Begin XCBuildConfiguration section */
		55F1EE9B28FEC3E6006404E3 /* Debug */ = {
			isa = XCBuildConfiguration;
			buildSettings = {
				ALWAYS_SEARCH_USER_PATHS = NO;
				CLANG_ANALYZER_NONNULL = YES;
				CLANG_ANALYZER_NUMBER_OBJECT_CONVERSION = YES_AGGRESSIVE;
				CLANG_CXX_LANGUAGE_STANDARD = "gnu++17";
				CLANG_ENABLE_MODULES = YES;
				CLANG_ENABLE_OBJC_ARC = YES;
				CLANG_ENABLE_OBJC_WEAK = YES;
				CLANG_WARN_BLOCK_CAPTURE_AUTORELEASING = YES;
				CLANG_WARN_BOOL_CONVERSION = YES;
				CLANG_WARN_COMMA = YES;
				CLANG_WARN_CONSTANT_CONVERSION = YES;
				CLANG_WARN_DEPRECATED_OBJC_IMPLEMENTATIONS = YES;
				CLANG_WARN_DIRECT_OBJC_ISA_USAGE = YES_ERROR;
				CLANG_WARN_DOCUMENTATION_COMMENTS = YES;
				CLANG_WARN_EMPTY_BODY = YES;
				CLANG_WARN_ENUM_CONVERSION = YES;
				CLANG_WARN_INFINITE_RECURSION = YES;
				CLANG_WARN_INT_CONVERSION = YES;
				CLANG_WARN_NON_LITERAL_NULL_CONVERSION = YES;
				CLANG_WARN_OBJC_IMPLICIT_RETAIN_SELF = YES;
				CLANG_WARN_OBJC_LITERAL_CONVERSION = YES;
				CLANG_WARN_OBJC_ROOT_CLASS = YES_ERROR;
				CLANG_WARN_QUOTED_INCLUDE_IN_FRAMEWORK_HEADER = YES;
				CLANG_WARN_RANGE_LOOP_ANALYSIS = YES;
				CLANG_WARN_STRICT_PROTOTYPES = YES;
				CLANG_WARN_SUSPICIOUS_MOVE = YES;
				CLANG_WARN_UNGUARDED_AVAILABILITY = YES_AGGRESSIVE;
				CLANG_WARN_UNREACHABLE_CODE = YES;
				CLANG_WARN__DUPLICATE_METHOD_MATCH = YES;
				COPY_PHASE_STRIP = NO;
				DEBUG_INFORMATION_FORMAT = dwarf;
				ENABLE_STRICT_OBJC_MSGSEND = YES;
				ENABLE_TESTABILITY = YES;
				GCC_C_LANGUAGE_STANDARD = gnu11;
				GCC_DYNAMIC_NO_PIC = NO;
				GCC_NO_COMMON_BLOCKS = YES;
				GCC_OPTIMIZATION_LEVEL = 0;
				GCC_PREPROCESSOR_DEFINITIONS = (
					"DEBUG=1",
					"$(inherited)",
				);
				GCC_WARN_64_TO_32_BIT_CONVERSION = YES;
				GCC_WARN_ABOUT_RETURN_TYPE = YES_ERROR;
				GCC_WARN_UNDECLARED_SELECTOR = YES;
				GCC_WARN_UNINITIALIZED_AUTOS = YES_AGGRESSIVE;
				GCC_WARN_UNUSED_FUNCTION = YES;
				GCC_WARN_UNUSED_VARIABLE = YES;
				IPHONEOS_DEPLOYMENT_TARGET = 15.5;
				MTL_ENABLE_DEBUG_INFO = INCLUDE_SOURCE;
				MTL_FAST_MATH = YES;
				ONLY_ACTIVE_ARCH = YES;
				SDKROOT = iphoneos;
				SWIFT_ACTIVE_COMPILATION_CONDITIONS = DEBUG;
				SWIFT_OPTIMIZATION_LEVEL = "-Onone";
			};
			name = Debug;
		};
		55F1EE9C28FEC3E6006404E3 /* Release */ = {
			isa = XCBuildConfiguration;
			buildSettings = {
				ALWAYS_SEARCH_USER_PATHS = NO;
				CLANG_ANALYZER_NONNULL = YES;
				CLANG_ANALYZER_NUMBER_OBJECT_CONVERSION = YES_AGGRESSIVE;
				CLANG_CXX_LANGUAGE_STANDARD = "gnu++17";
				CLANG_ENABLE_MODULES = YES;
				CLANG_ENABLE_OBJC_ARC = YES;
				CLANG_ENABLE_OBJC_WEAK = YES;
				CLANG_WARN_BLOCK_CAPTURE_AUTORELEASING = YES;
				CLANG_WARN_BOOL_CONVERSION = YES;
				CLANG_WARN_COMMA = YES;
				CLANG_WARN_CONSTANT_CONVERSION = YES;
				CLANG_WARN_DEPRECATED_OBJC_IMPLEMENTATIONS = YES;
				CLANG_WARN_DIRECT_OBJC_ISA_USAGE = YES_ERROR;
				CLANG_WARN_DOCUMENTATION_COMMENTS = YES;
				CLANG_WARN_EMPTY_BODY = YES;
				CLANG_WARN_ENUM_CONVERSION = YES;
				CLANG_WARN_INFINITE_RECURSION = YES;
				CLANG_WARN_INT_CONVERSION = YES;
				CLANG_WARN_NON_LITERAL_NULL_CONVERSION = YES;
				CLANG_WARN_OBJC_IMPLICIT_RETAIN_SELF = YES;
				CLANG_WARN_OBJC_LITERAL_CONVERSION = YES;
				CLANG_WARN_OBJC_ROOT_CLASS = YES_ERROR;
				CLANG_WARN_QUOTED_INCLUDE_IN_FRAMEWORK_HEADER = YES;
				CLANG_WARN_RANGE_LOOP_ANALYSIS = YES;
				CLANG_WARN_STRICT_PROTOTYPES = YES;
				CLANG_WARN_SUSPICIOUS_MOVE = YES;
				CLANG_WARN_UNGUARDED_AVAILABILITY = YES_AGGRESSIVE;
				CLANG_WARN_UNREACHABLE_CODE = YES;
				CLANG_WARN__DUPLICATE_METHOD_MATCH = YES;
				COPY_PHASE_STRIP = NO;
				DEBUG_INFORMATION_FORMAT = "dwarf-with-dsym";
				ENABLE_NS_ASSERTIONS = NO;
				ENABLE_STRICT_OBJC_MSGSEND = YES;
				GCC_C_LANGUAGE_STANDARD = gnu11;
				GCC_NO_COMMON_BLOCKS = YES;
				GCC_WARN_64_TO_32_BIT_CONVERSION = YES;
				GCC_WARN_ABOUT_RETURN_TYPE = YES_ERROR;
				GCC_WARN_UNDECLARED_SELECTOR = YES;
				GCC_WARN_UNINITIALIZED_AUTOS = YES_AGGRESSIVE;
				GCC_WARN_UNUSED_FUNCTION = YES;
				GCC_WARN_UNUSED_VARIABLE = YES;
				IPHONEOS_DEPLOYMENT_TARGET = 15.5;
				MTL_ENABLE_DEBUG_INFO = NO;
				MTL_FAST_MATH = YES;
				SDKROOT = iphoneos;
				SWIFT_COMPILATION_MODE = wholemodule;
				SWIFT_OPTIMIZATION_LEVEL = "-O";
				VALIDATE_PRODUCT = YES;
			};
			name = Release;
		};
		55F1EE9E28FEC3E6006404E3 /* Debug */ = {
			isa = XCBuildConfiguration;
			buildSettings = {
				ASSETCATALOG_COMPILER_APPICON_NAME = AppIcon;
				ASSETCATALOG_COMPILER_GLOBAL_ACCENT_COLOR_NAME = AccentColor;
				CODE_SIGN_STYLE = Automatic;
				CURRENT_PROJECT_VERSION = 1;
				GENERATE_INFOPLIST_FILE = YES;
				INFOPLIST_FILE = UISegmentedControl/Info.plist;
				INFOPLIST_KEY_UIApplicationSupportsIndirectInputEvents = YES;
				INFOPLIST_KEY_UILaunchStoryboardName = LaunchScreen;
				INFOPLIST_KEY_UIMainStoryboardFile = Main;
				INFOPLIST_KEY_UISupportedInterfaceOrientations_iPad = "UIInterfaceOrientationPortrait UIInterfaceOrientationPortraitUpsideDown UIInterfaceOrientationLandscapeLeft UIInterfaceOrientationLandscapeRight";
				INFOPLIST_KEY_UISupportedInterfaceOrientations_iPhone = "UIInterfaceOrientationPortrait UIInterfaceOrientationLandscapeLeft UIInterfaceOrientationLandscapeRight";
				LD_RUNPATH_SEARCH_PATHS = (
					"$(inherited)",
					"@executable_path/Frameworks",
				);
				MARKETING_VERSION = 1.0;
				PRODUCT_BUNDLE_IDENTIFIER = Education.UISegmentedControl;
				PRODUCT_NAME = "$(TARGET_NAME)";
				SWIFT_EMIT_LOC_STRINGS = YES;
				SWIFT_VERSION = 5.0;
				TARGETED_DEVICE_FAMILY = "1,2";
			};
			name = Debug;
		};
		55F1EE9F28FEC3E6006404E3 /* Release */ = {
			isa = XCBuildConfiguration;
			buildSettings = {
				ASSETCATALOG_COMPILER_APPICON_NAME = AppIcon;
				ASSETCATALOG_COMPILER_GLOBAL_ACCENT_COLOR_NAME = AccentColor;
				CODE_SIGN_STYLE = Automatic;
				CURRENT_PROJECT_VERSION = 1;
				GENERATE_INFOPLIST_FILE = YES;
				INFOPLIST_FILE = UISegmentedControl/Info.plist;
				INFOPLIST_KEY_UIApplicationSupportsIndirectInputEvents = YES;
				INFOPLIST_KEY_UILaunchStoryboardName = LaunchScreen;
				INFOPLIST_KEY_UIMainStoryboardFile = Main;
				INFOPLIST_KEY_UISupportedInterfaceOrientations_iPad = "UIInterfaceOrientationPortrait UIInterfaceOrientationPortraitUpsideDown UIInterfaceOrientationLandscapeLeft UIInterfaceOrientationLandscapeRight";
				INFOPLIST_KEY_UISupportedInterfaceOrientations_iPhone = "UIInterfaceOrientationPortrait UIInterfaceOrientationLandscapeLeft UIInterfaceOrientationLandscapeRight";
				LD_RUNPATH_SEARCH_PATHS = (
					"$(inherited)",
					"@executable_path/Frameworks",
				);
				MARKETING_VERSION = 1.0;
				PRODUCT_BUNDLE_IDENTIFIER = Education.UISegmentedControl;
				PRODUCT_NAME = "$(TARGET_NAME)";
				SWIFT_EMIT_LOC_STRINGS = YES;
				SWIFT_VERSION = 5.0;
				TARGETED_DEVICE_FAMILY = "1,2";
			};
			name = Release;
		};
		55F1EEA128FEC3E6006404E3 /* Debug */ = {
			isa = XCBuildConfiguration;
			buildSettings = {
				ALWAYS_EMBED_SWIFT_STANDARD_LIBRARIES = YES;
				BUNDLE_LOADER = "$(TEST_HOST)";
				CODE_SIGN_STYLE = Automatic;
				CURRENT_PROJECT_VERSION = 1;
				GENERATE_INFOPLIST_FILE = YES;
				IPHONEOS_DEPLOYMENT_TARGET = 15.5;
				MARKETING_VERSION = 1.0;
				PRODUCT_BUNDLE_IDENTIFIER = Education.UISegmentedControlTests;
				PRODUCT_NAME = "$(TARGET_NAME)";
				SWIFT_EMIT_LOC_STRINGS = NO;
				SWIFT_VERSION = 5.0;
				TARGETED_DEVICE_FAMILY = "1,2";
				TEST_HOST = "$(BUILT_PRODUCTS_DIR)/UISegmentedControl.app/UISegmentedControl";
			};
			name = Debug;
		};
		55F1EEA228FEC3E6006404E3 /* Release */ = {
			isa = XCBuildConfiguration;
			buildSettings = {
				ALWAYS_EMBED_SWIFT_STANDARD_LIBRARIES = YES;
				BUNDLE_LOADER = "$(TEST_HOST)";
				CODE_SIGN_STYLE = Automatic;
				CURRENT_PROJECT_VERSION = 1;
				GENERATE_INFOPLIST_FILE = YES;
				IPHONEOS_DEPLOYMENT_TARGET = 15.5;
				MARKETING_VERSION = 1.0;
				PRODUCT_BUNDLE_IDENTIFIER = Education.UISegmentedControlTests;
				PRODUCT_NAME = "$(TARGET_NAME)";
				SWIFT_EMIT_LOC_STRINGS = NO;
				SWIFT_VERSION = 5.0;
				TARGETED_DEVICE_FAMILY = "1,2";
				TEST_HOST = "$(BUILT_PRODUCTS_DIR)/UISegmentedControl.app/UISegmentedControl";
			};
			name = Release;
		};
		55F1EEA428FEC3E6006404E3 /* Debug */ = {
			isa = XCBuildConfiguration;
			buildSettings = {
				ALWAYS_EMBED_SWIFT_STANDARD_LIBRARIES = YES;
				CODE_SIGN_STYLE = Automatic;
				CURRENT_PROJECT_VERSION = 1;
				GENERATE_INFOPLIST_FILE = YES;
				MARKETING_VERSION = 1.0;
				PRODUCT_BUNDLE_IDENTIFIER = Education.UISegmentedControlUITests;
				PRODUCT_NAME = "$(TARGET_NAME)";
				SWIFT_EMIT_LOC_STRINGS = NO;
				SWIFT_VERSION = 5.0;
				TARGETED_DEVICE_FAMILY = "1,2";
				TEST_TARGET_NAME = UISegmentedControl;
			};
			name = Debug;
		};
		55F1EEA528FEC3E6006404E3 /* Release */ = {
			isa = XCBuildConfiguration;
			buildSettings = {
				ALWAYS_EMBED_SWIFT_STANDARD_LIBRARIES = YES;
				CODE_SIGN_STYLE = Automatic;
				CURRENT_PROJECT_VERSION = 1;
				GENERATE_INFOPLIST_FILE = YES;
				MARKETING_VERSION = 1.0;
				PRODUCT_BUNDLE_IDENTIFIER = Education.UISegmentedControlUITests;
				PRODUCT_NAME = "$(TARGET_NAME)";
				SWIFT_EMIT_LOC_STRINGS = NO;
				SWIFT_VERSION = 5.0;
				TARGETED_DEVICE_FAMILY = "1,2";
				TEST_TARGET_NAME = UISegmentedControl;
			};
			name = Release;
		};
/* End XCBuildConfiguration section */

/* Begin XCConfigurationList section */
		55F1EE6E28FEC3E5006404E3 /* Build configuration list for PBXProject "UISegmentedControl" */ = {
			isa = XCConfigurationList;
			buildConfigurations = (
				55F1EE9B28FEC3E6006404E3 /* Debug */,
				55F1EE9C28FEC3E6006404E3 /* Release */,
			);
			defaultConfigurationIsVisible = 0;
			defaultConfigurationName = Release;
		};
		55F1EE9D28FEC3E6006404E3 /* Build configuration list for PBXNativeTarget "UISegmentedControl" */ = {
			isa = XCConfigurationList;
			buildConfigurations = (
				55F1EE9E28FEC3E6006404E3 /* Debug */,
				55F1EE9F28FEC3E6006404E3 /* Release */,
			);
			defaultConfigurationIsVisible = 0;
			defaultConfigurationName = Release;
		};
		55F1EEA028FEC3E6006404E3 /* Build configuration list for PBXNativeTarget "UISegmentedControlTests" */ = {
			isa = XCConfigurationList;
			buildConfigurations = (
				55F1EEA128FEC3E6006404E3 /* Debug */,
				55F1EEA228FEC3E6006404E3 /* Release */,
			);
			defaultConfigurationIsVisible = 0;
			defaultConfigurationName = Release;
		};
		55F1EEA328FEC3E6006404E3 /* Build configuration list for PBXNativeTarget "UISegmentedControlUITests" */ = {
			isa = XCConfigurationList;
			buildConfigurations = (
				55F1EEA428FEC3E6006404E3 /* Debug */,
				55F1EEA528FEC3E6006404E3 /* Release */,
			);
			defaultConfigurationIsVisible = 0;
			defaultConfigurationName = Release;
		};
/* End XCConfigurationList section */
	};
	rootObject = 55F1EE6B28FEC3E5006404E3 /* Project object */;
}
